// !$*UTF8*$!
{
	archiveVersion = 1;
	classes = {
	};
	objectVersion = 51;
	objects = {

/* Begin PBXBuildFile section */
		5163B62D46A1E3D02CC1A8E5 /* Pods_NaverMovieSearch.framework in Frameworks */ = {isa = PBXBuildFile; fileRef = 89C4DFB600362DA51167AC47 /* Pods_NaverMovieSearch.framework */; };
		D2548CB226AA3B4F00093C33 /* GradientButton.swift in Sources */ = {isa = PBXBuildFile; fileRef = D2548CB126AA3B4F00093C33 /* GradientButton.swift */; };
		D2548CB426AA51C600093C33 /* FavoriteMovieListVC.swift in Sources */ = {isa = PBXBuildFile; fileRef = D2548CB326AA51C600093C33 /* FavoriteMovieListVC.swift */; };
		D29A530126A79F9D003E5D00 /* AppDelegate.swift in Sources */ = {isa = PBXBuildFile; fileRef = D29A530026A79F9D003E5D00 /* AppDelegate.swift */; };
		D29A530326A79F9D003E5D00 /* SceneDelegate.swift in Sources */ = {isa = PBXBuildFile; fileRef = D29A530226A79F9D003E5D00 /* SceneDelegate.swift */; };
		D29A530526A79F9D003E5D00 /* MovieListVC.swift in Sources */ = {isa = PBXBuildFile; fileRef = D29A530426A79F9D003E5D00 /* MovieListVC.swift */; };
		D29A530826A79F9D003E5D00 /* Main.storyboard in Resources */ = {isa = PBXBuildFile; fileRef = D29A530626A79F9D003E5D00 /* Main.storyboard */; };
		D29A530A26A79F9F003E5D00 /* Assets.xcassets in Resources */ = {isa = PBXBuildFile; fileRef = D29A530926A79F9F003E5D00 /* Assets.xcassets */; };
		D29A530D26A79F9F003E5D00 /* LaunchScreen.storyboard in Resources */ = {isa = PBXBuildFile; fileRef = D29A530B26A79F9F003E5D00 /* LaunchScreen.storyboard */; };
		D29A531B26A7AB69003E5D00 /* APIKey.plist in Resources */ = {isa = PBXBuildFile; fileRef = D29A531A26A7AB69003E5D00 /* APIKey.plist */; };
		D29A532126A7ACC7003E5D00 /* NetworkResult.swift in Sources */ = {isa = PBXBuildFile; fileRef = D29A532026A7ACC7003E5D00 /* NetworkResult.swift */; };
		D29A532326A7ACD0003E5D00 /* NetworkService.swift in Sources */ = {isa = PBXBuildFile; fileRef = D29A532226A7ACD0003E5D00 /* NetworkService.swift */; };
		D29A532726A7B216003E5D00 /* MovieItemVO.swift in Sources */ = {isa = PBXBuildFile; fileRef = D29A532626A7B216003E5D00 /* MovieItemVO.swift */; };
		D29A532926A7B2DD003E5D00 /* NaverMovieAPIResponseData.swift in Sources */ = {isa = PBXBuildFile; fileRef = D29A532826A7B2DD003E5D00 /* NaverMovieAPIResponseData.swift */; };
		D29A532B26A7C108003E5D00 /* UIKit_Extension.swift in Sources */ = {isa = PBXBuildFile; fileRef = D29A532A26A7C108003E5D00 /* UIKit_Extension.swift */; };
		D29A532D26A7C481003E5D00 /* MovieItemCell.swift in Sources */ = {isa = PBXBuildFile; fileRef = D29A532C26A7C481003E5D00 /* MovieItemCell.swift */; };
		D29A533226A7CC64003E5D00 /* MovieListVM.swift in Sources */ = {isa = PBXBuildFile; fileRef = D29A533126A7CC64003E5D00 /* MovieListVM.swift */; };
		D2C079B126A7F3FC0022968F /* MovieSearchService.swift in Sources */ = {isa = PBXBuildFile; fileRef = D2C079B026A7F3FC0022968F /* MovieSearchService.swift */; };
		D2C079B526A7FC0A0022968F /* Foundation_Extension.swift in Sources */ = {isa = PBXBuildFile; fileRef = D2C079B426A7FC0A0022968F /* Foundation_Extension.swift */; };
		D2C079B726A8E3510022968F /* MovieInfoDetailVC.swift in Sources */ = {isa = PBXBuildFile; fileRef = D2C079B626A8E3510022968F /* MovieInfoDetailVC.swift */; };
		D2C079B926A8EB8C0022968F /* TopSummaryView.swift in Sources */ = {isa = PBXBuildFile; fileRef = D2C079B826A8EB8C0022968F /* TopSummaryView.swift */; };
		D2C079BB26A8FDF60022968F /* InteractivPopRecognizer.swift in Sources */ = {isa = PBXBuildFile; fileRef = D2C079BA26A8FDF60022968F /* InteractivPopRecognizer.swift */; };
/* End PBXBuildFile section */

/* Begin PBXFileReference section */
		89C4DFB600362DA51167AC47 /* Pods_NaverMovieSearch.framework */ = {isa = PBXFileReference; explicitFileType = wrapper.framework; includeInIndex = 0; path = Pods_NaverMovieSearch.framework; sourceTree = BUILT_PRODUCTS_DIR; };
		982F80C3488319D5330F2ABC /* Pods-NaverMovieSearch.release.xcconfig */ = {isa = PBXFileReference; includeInIndex = 1; lastKnownFileType = text.xcconfig; name = "Pods-NaverMovieSearch.release.xcconfig"; path = "Target Support Files/Pods-NaverMovieSearch/Pods-NaverMovieSearch.release.xcconfig"; sourceTree = "<group>"; };
		D2548CB126AA3B4F00093C33 /* GradientButton.swift */ = {isa = PBXFileReference; lastKnownFileType = sourcecode.swift; path = GradientButton.swift; sourceTree = "<group>"; };
		D2548CB326AA51C600093C33 /* FavoriteMovieListVC.swift */ = {isa = PBXFileReference; lastKnownFileType = sourcecode.swift; path = FavoriteMovieListVC.swift; sourceTree = "<group>"; };
		D29A52FD26A79F9D003E5D00 /* NaverMovieSearch.app */ = {isa = PBXFileReference; explicitFileType = wrapper.application; includeInIndex = 0; path = NaverMovieSearch.app; sourceTree = BUILT_PRODUCTS_DIR; };
		D29A530026A79F9D003E5D00 /* AppDelegate.swift */ = {isa = PBXFileReference; lastKnownFileType = sourcecode.swift; path = AppDelegate.swift; sourceTree = "<group>"; };
		D29A530226A79F9D003E5D00 /* SceneDelegate.swift */ = {isa = PBXFileReference; lastKnownFileType = sourcecode.swift; path = SceneDelegate.swift; sourceTree = "<group>"; };
		D29A530426A79F9D003E5D00 /* MovieListVC.swift */ = {isa = PBXFileReference; lastKnownFileType = sourcecode.swift; path = MovieListVC.swift; sourceTree = "<group>"; };
		D29A530726A79F9D003E5D00 /* Base */ = {isa = PBXFileReference; lastKnownFileType = file.storyboard; name = Base; path = Base.lproj/Main.storyboard; sourceTree = "<group>"; };
		D29A530926A79F9F003E5D00 /* Assets.xcassets */ = {isa = PBXFileReference; lastKnownFileType = folder.assetcatalog; path = Assets.xcassets; sourceTree = "<group>"; };
		D29A530C26A79F9F003E5D00 /* Base */ = {isa = PBXFileReference; lastKnownFileType = file.storyboard; name = Base; path = Base.lproj/LaunchScreen.storyboard; sourceTree = "<group>"; };
		D29A530E26A79F9F003E5D00 /* Info.plist */ = {isa = PBXFileReference; lastKnownFileType = text.plist.xml; path = Info.plist; sourceTree = "<group>"; };
		D29A531A26A7AB69003E5D00 /* APIKey.plist */ = {isa = PBXFileReference; lastKnownFileType = text.plist.xml; path = APIKey.plist; sourceTree = "<group>"; };
		D29A532026A7ACC7003E5D00 /* NetworkResult.swift */ = {isa = PBXFileReference; lastKnownFileType = sourcecode.swift; path = NetworkResult.swift; sourceTree = "<group>"; };
		D29A532226A7ACD0003E5D00 /* NetworkService.swift */ = {isa = PBXFileReference; lastKnownFileType = sourcecode.swift; path = NetworkService.swift; sourceTree = "<group>"; };
		D29A532626A7B216003E5D00 /* MovieItemVO.swift */ = {isa = PBXFileReference; lastKnownFileType = sourcecode.swift; path = MovieItemVO.swift; sourceTree = "<group>"; };
		D29A532826A7B2DD003E5D00 /* NaverMovieAPIResponseData.swift */ = {isa = PBXFileReference; lastKnownFileType = sourcecode.swift; path = NaverMovieAPIResponseData.swift; sourceTree = "<group>"; };
		D29A532A26A7C108003E5D00 /* UIKit_Extension.swift */ = {isa = PBXFileReference; lastKnownFileType = sourcecode.swift; path = UIKit_Extension.swift; sourceTree = "<group>"; };
		D29A532C26A7C481003E5D00 /* MovieItemCell.swift */ = {isa = PBXFileReference; lastKnownFileType = sourcecode.swift; path = MovieItemCell.swift; sourceTree = "<group>"; };
		D29A533126A7CC64003E5D00 /* MovieListVM.swift */ = {isa = PBXFileReference; lastKnownFileType = sourcecode.swift; path = MovieListVM.swift; sourceTree = "<group>"; };
		D2C079B026A7F3FC0022968F /* MovieSearchService.swift */ = {isa = PBXFileReference; lastKnownFileType = sourcecode.swift; path = MovieSearchService.swift; sourceTree = "<group>"; };
		D2C079B426A7FC0A0022968F /* Foundation_Extension.swift */ = {isa = PBXFileReference; lastKnownFileType = sourcecode.swift; path = Foundation_Extension.swift; sourceTree = "<group>"; };
		D2C079B626A8E3510022968F /* MovieInfoDetailVC.swift */ = {isa = PBXFileReference; lastKnownFileType = sourcecode.swift; path = MovieInfoDetailVC.swift; sourceTree = "<group>"; };
		D2C079B826A8EB8C0022968F /* TopSummaryView.swift */ = {isa = PBXFileReference; lastKnownFileType = sourcecode.swift; path = TopSummaryView.swift; sourceTree = "<group>"; };
		D2C079BA26A8FDF60022968F /* InteractivPopRecognizer.swift */ = {isa = PBXFileReference; lastKnownFileType = sourcecode.swift; path = InteractivPopRecognizer.swift; sourceTree = "<group>"; };
		F917CB31A384A3631B50E995 /* Pods-NaverMovieSearch.debug.xcconfig */ = {isa = PBXFileReference; includeInIndex = 1; lastKnownFileType = text.xcconfig; name = "Pods-NaverMovieSearch.debug.xcconfig"; path = "Target Support Files/Pods-NaverMovieSearch/Pods-NaverMovieSearch.debug.xcconfig"; sourceTree = "<group>"; };
/* End PBXFileReference section */

/* Begin PBXFrameworksBuildPhase section */
		D29A52FA26A79F9D003E5D00 /* Frameworks */ = {
			isa = PBXFrameworksBuildPhase;
			buildActionMask = 2147483647;
			files = (
				5163B62D46A1E3D02CC1A8E5 /* Pods_NaverMovieSearch.framework in Frameworks */,
			);
			runOnlyForDeploymentPostprocessing = 0;
		};
/* End PBXFrameworksBuildPhase section */

/* Begin PBXGroup section */
		58C46B201C87FC1EC6B7B2B0 /* Frameworks */ = {
			isa = PBXGroup;
			children = (
				89C4DFB600362DA51167AC47 /* Pods_NaverMovieSearch.framework */,
			);
			name = Frameworks;
			sourceTree = "<group>";
		};
		6B03EB33EF32A2069753B63A /* Pods */ = {
			isa = PBXGroup;
			children = (
				F917CB31A384A3631B50E995 /* Pods-NaverMovieSearch.debug.xcconfig */,
				982F80C3488319D5330F2ABC /* Pods-NaverMovieSearch.release.xcconfig */,
			);
			path = Pods;
			sourceTree = "<group>";
		};
		D29A52F426A79F9D003E5D00 = {
			isa = PBXGroup;
			children = (
				D29A52FF26A79F9D003E5D00 /* NaverMovieSearch */,
				D29A52FE26A79F9D003E5D00 /* Products */,
				6B03EB33EF32A2069753B63A /* Pods */,
				58C46B201C87FC1EC6B7B2B0 /* Frameworks */,
			);
			sourceTree = "<group>";
		};
		D29A52FE26A79F9D003E5D00 /* Products */ = {
			isa = PBXGroup;
			children = (
				D29A52FD26A79F9D003E5D00 /* NaverMovieSearch.app */,
			);
			name = Products;
			sourceTree = "<group>";
		};
		D29A52FF26A79F9D003E5D00 /* NaverMovieSearch */ = {
			isa = PBXGroup;
			children = (
				D29A530026A79F9D003E5D00 /* AppDelegate.swift */,
				D29A530226A79F9D003E5D00 /* SceneDelegate.swift */,
				D29A531626A7A0E5003E5D00 /* View */,
				D29A532526A7B1F0003E5D00 /* Model */,
				D29A531F26A7ACB6003E5D00 /* Network */,
				D29A531526A7A0CB003E5D00 /* Storyboard */,
				D29A532426A7B174003E5D00 /* Extension */,
				D29A531426A7A0A4003E5D00 /* Resource */,
			);
			path = NaverMovieSearch;
			sourceTree = "<group>";
		};
		D29A531426A7A0A4003E5D00 /* Resource */ = {
			isa = PBXGroup;
			children = (
				D29A530926A79F9F003E5D00 /* Assets.xcassets */,
				D29A530E26A79F9F003E5D00 /* Info.plist */,
				D29A531A26A7AB69003E5D00 /* APIKey.plist */,
			);
			path = Resource;
			sourceTree = "<group>";
		};
		D29A531526A7A0CB003E5D00 /* Storyboard */ = {
			isa = PBXGroup;
			children = (
				D29A530626A79F9D003E5D00 /* Main.storyboard */,
				D29A530B26A79F9F003E5D00 /* LaunchScreen.storyboard */,
			);
			path = Storyboard;
			sourceTree = "<group>";
		};
		D29A531626A7A0E5003E5D00 /* View */ = {
			isa = PBXGroup;
			children = (
				D29A530426A79F9D003E5D00 /* MovieListVC.swift */,
				D2548CB326AA51C600093C33 /* FavoriteMovieListVC.swift */,
				D29A533126A7CC64003E5D00 /* MovieListVM.swift */,
				D29A532C26A7C481003E5D00 /* MovieItemCell.swift */,
				D2C079B826A8EB8C0022968F /* TopSummaryView.swift */,
				D2C079B626A8E3510022968F /* MovieInfoDetailVC.swift */,
			);
			path = View;
			sourceTree = "<group>";
		};
		D29A531F26A7ACB6003E5D00 /* Network */ = {
			isa = PBXGroup;
			children = (
				D29A532026A7ACC7003E5D00 /* NetworkResult.swift */,
				D29A532226A7ACD0003E5D00 /* NetworkService.swift */,
				D2C079B026A7F3FC0022968F /* MovieSearchService.swift */,
			);
			path = Network;
			sourceTree = "<group>";
		};
		D29A532426A7B174003E5D00 /* Extension */ = {
			isa = PBXGroup;
			children = (
				D29A532A26A7C108003E5D00 /* UIKit_Extension.swift */,
				D2C079B426A7FC0A0022968F /* Foundation_Extension.swift */,
				D2C079BA26A8FDF60022968F /* InteractivPopRecognizer.swift */,
				D2548CB126AA3B4F00093C33 /* GradientButton.swift */,
			);
			path = Extension;
			sourceTree = "<group>";
		};
		D29A532526A7B1F0003E5D00 /* Model */ = {
			isa = PBXGroup;
			children = (
				D29A532826A7B2DD003E5D00 /* NaverMovieAPIResponseData.swift */,
				D29A532626A7B216003E5D00 /* MovieItemVO.swift */,
			);
			path = Model;
			sourceTree = "<group>";
		};
/* End PBXGroup section */

/* Begin PBXNativeTarget section */
		D29A52FC26A79F9D003E5D00 /* NaverMovieSearch */ = {
			isa = PBXNativeTarget;
			buildConfigurationList = D29A531126A79F9F003E5D00 /* Build configuration list for PBXNativeTarget "NaverMovieSearch" */;
			buildPhases = (
				FF40A4595132A70E42FB4BB8 /* [CP] Check Pods Manifest.lock */,
				D29A52F926A79F9D003E5D00 /* Sources */,
				D29A52FA26A79F9D003E5D00 /* Frameworks */,
				D29A52FB26A79F9D003E5D00 /* Resources */,
				A3D69F059DA190EE4135E5FA /* [CP] Embed Pods Frameworks */,
			);
			buildRules = (
			);
			dependencies = (
			);
			name = NaverMovieSearch;
			productName = NaverMovieSearch;
			productReference = D29A52FD26A79F9D003E5D00 /* NaverMovieSearch.app */;
			productType = "com.apple.product-type.application";
		};
/* End PBXNativeTarget section */

/* Begin PBXProject section */
		D29A52F526A79F9D003E5D00 /* Project object */ = {
			isa = PBXProject;
			attributes = {
				LastSwiftUpdateCheck = 1250;
				LastUpgradeCheck = 1250;
				TargetAttributes = {
					D29A52FC26A79F9D003E5D00 = {
						CreatedOnToolsVersion = 12.5.1;
					};
				};
			};
			buildConfigurationList = D29A52F826A79F9D003E5D00 /* Build configuration list for PBXProject "NaverMovieSearch" */;
			compatibilityVersion = "Xcode 9.3";
			developmentRegion = en;
			hasScannedForEncodings = 0;
			knownRegions = (
				en,
				Base,
			);
			mainGroup = D29A52F426A79F9D003E5D00;
			productRefGroup = D29A52FE26A79F9D003E5D00 /* Products */;
			projectDirPath = "";
			projectRoot = "";
			targets = (
				D29A52FC26A79F9D003E5D00 /* NaverMovieSearch */,
			);
		};
/* End PBXProject section */

/* Begin PBXResourcesBuildPhase section */
		D29A52FB26A79F9D003E5D00 /* Resources */ = {
			isa = PBXResourcesBuildPhase;
			buildActionMask = 2147483647;
			files = (
				D29A530D26A79F9F003E5D00 /* LaunchScreen.storyboard in Resources */,
				D29A531B26A7AB69003E5D00 /* APIKey.plist in Resources */,
				D29A530A26A79F9F003E5D00 /* Assets.xcassets in Resources */,
				D29A530826A79F9D003E5D00 /* Main.storyboard in Resources */,
			);
			runOnlyForDeploymentPostprocessing = 0;
		};
/* End PBXResourcesBuildPhase section */

/* Begin PBXShellScriptBuildPhase section */
		A3D69F059DA190EE4135E5FA /* [CP] Embed Pods Frameworks */ = {
			isa = PBXShellScriptBuildPhase;
			buildActionMask = 2147483647;
			files = (
			);
			inputFileListPaths = (
				"${PODS_ROOT}/Target Support Files/Pods-NaverMovieSearch/Pods-NaverMovieSearch-frameworks-${CONFIGURATION}-input-files.xcfilelist",
			);
			name = "[CP] Embed Pods Frameworks";
			outputFileListPaths = (
				"${PODS_ROOT}/Target Support Files/Pods-NaverMovieSearch/Pods-NaverMovieSearch-frameworks-${CONFIGURATION}-output-files.xcfilelist",
			);
			runOnlyForDeploymentPostprocessing = 0;
			shellPath = /bin/sh;
			shellScript = "\"${PODS_ROOT}/Target Support Files/Pods-NaverMovieSearch/Pods-NaverMovieSearch-frameworks.sh\"\n";
			showEnvVarsInLog = 0;
		};
		FF40A4595132A70E42FB4BB8 /* [CP] Check Pods Manifest.lock */ = {
			isa = PBXShellScriptBuildPhase;
			buildActionMask = 2147483647;
			files = (
			);
			inputFileListPaths = (
			);
			inputPaths = (
				"${PODS_PODFILE_DIR_PATH}/Podfile.lock",
				"${PODS_ROOT}/Manifest.lock",
			);
			name = "[CP] Check Pods Manifest.lock";
			outputFileListPaths = (
			);
			outputPaths = (
				"$(DERIVED_FILE_DIR)/Pods-NaverMovieSearch-checkManifestLockResult.txt",
			);
			runOnlyForDeploymentPostprocessing = 0;
			shellPath = /bin/sh;
			shellScript = "diff \"${PODS_PODFILE_DIR_PATH}/Podfile.lock\" \"${PODS_ROOT}/Manifest.lock\" > /dev/null\nif [ $? != 0 ] ; then\n    # print error to STDERR\n    echo \"error: The sandbox is not in sync with the Podfile.lock. Run 'pod install' or update your CocoaPods installation.\" >&2\n    exit 1\nfi\n# This output is used by Xcode 'outputs' to avoid re-running this script phase.\necho \"SUCCESS\" > \"${SCRIPT_OUTPUT_FILE_0}\"\n";
			showEnvVarsInLog = 0;
		};
/* End PBXShellScriptBuildPhase section */

/* Begin PBXSourcesBuildPhase section */
		D29A52F926A79F9D003E5D00 /* Sources */ = {
			isa = PBXSourcesBuildPhase;
			buildActionMask = 2147483647;
			files = (
				D29A532726A7B216003E5D00 /* MovieItemVO.swift in Sources */,
				D2C079B926A8EB8C0022968F /* TopSummaryView.swift in Sources */,
				D29A532326A7ACD0003E5D00 /* NetworkService.swift in Sources */,
				D2C079B726A8E3510022968F /* MovieInfoDetailVC.swift in Sources */,
				D29A532B26A7C108003E5D00 /* UIKit_Extension.swift in Sources */,
				D2C079B126A7F3FC0022968F /* MovieSearchService.swift in Sources */,
				D2548CB426AA51C600093C33 /* FavoriteMovieListVC.swift in Sources */,
				D2C079BB26A8FDF60022968F /* InteractivPopRecognizer.swift in Sources */,
				D2C079B526A7FC0A0022968F /* Foundation_Extension.swift in Sources */,
				D29A533226A7CC64003E5D00 /* MovieListVM.swift in Sources */,
				D2548CB226AA3B4F00093C33 /* GradientButton.swift in Sources */,
				D29A530526A79F9D003E5D00 /* MovieListVC.swift in Sources */,
				D29A532926A7B2DD003E5D00 /* NaverMovieAPIResponseData.swift in Sources */,
				D29A530126A79F9D003E5D00 /* AppDelegate.swift in Sources */,
				D29A532D26A7C481003E5D00 /* MovieItemCell.swift in Sources */,
				D29A530326A79F9D003E5D00 /* SceneDelegate.swift in Sources */,
				D29A532126A7ACC7003E5D00 /* NetworkResult.swift in Sources */,
			);
			runOnlyForDeploymentPostprocessing = 0;
		};
/* End PBXSourcesBuildPhase section */

/* Begin PBXVariantGroup section */
		D29A530626A79F9D003E5D00 /* Main.storyboard */ = {
			isa = PBXVariantGroup;
			children = (
				D29A530726A79F9D003E5D00 /* Base */,
			);
			name = Main.storyboard;
			sourceTree = "<group>";
		};
		D29A530B26A79F9F003E5D00 /* LaunchScreen.storyboard */ = {
			isa = PBXVariantGroup;
			children = (
				D29A530C26A79F9F003E5D00 /* Base */,
			);
			name = LaunchScreen.storyboard;
			sourceTree = "<group>";
		};
/* End PBXVariantGroup section */

/* Begin XCBuildConfiguration section */
		D29A530F26A79F9F003E5D00 /* Debug */ = {
			isa = XCBuildConfiguration;
			buildSettings = {
				ALWAYS_SEARCH_USER_PATHS = NO;
				CLANG_ANALYZER_NONNULL = YES;
				CLANG_ANALYZER_NUMBER_OBJECT_CONVERSION = YES_AGGRESSIVE;
				CLANG_CXX_LANGUAGE_STANDARD = "gnu++14";
				CLANG_CXX_LIBRARY = "libc++";
				CLANG_ENABLE_MODULES = YES;
				CLANG_ENABLE_OBJC_ARC = YES;
				CLANG_ENABLE_OBJC_WEAK = YES;
				CLANG_WARN_BLOCK_CAPTURE_AUTORELEASING = YES;
				CLANG_WARN_BOOL_CONVERSION = YES;
				CLANG_WARN_COMMA = YES;
				CLANG_WARN_CONSTANT_CONVERSION = YES;
				CLANG_WARN_DEPRECATED_OBJC_IMPLEMENTATIONS = YES;
				CLANG_WARN_DIRECT_OBJC_ISA_USAGE = YES_ERROR;
				CLANG_WARN_DOCUMENTATION_COMMENTS = YES;
				CLANG_WARN_EMPTY_BODY = YES;
				CLANG_WARN_ENUM_CONVERSION = YES;
				CLANG_WARN_INFINITE_RECURSION = YES;
				CLANG_WARN_INT_CONVERSION = YES;
				CLANG_WARN_NON_LITERAL_NULL_CONVERSION = YES;
				CLANG_WARN_OBJC_IMPLICIT_RETAIN_SELF = YES;
				CLANG_WARN_OBJC_LITERAL_CONVERSION = YES;
				CLANG_WARN_OBJC_ROOT_CLASS = YES_ERROR;
				CLANG_WARN_QUOTED_INCLUDE_IN_FRAMEWORK_HEADER = YES;
				CLANG_WARN_RANGE_LOOP_ANALYSIS = YES;
				CLANG_WARN_STRICT_PROTOTYPES = YES;
				CLANG_WARN_SUSPICIOUS_MOVE = YES;
				CLANG_WARN_UNGUARDED_AVAILABILITY = YES_AGGRESSIVE;
				CLANG_WARN_UNREACHABLE_CODE = YES;
				CLANG_WARN__DUPLICATE_METHOD_MATCH = YES;
				COPY_PHASE_STRIP = NO;
				DEBUG_INFORMATION_FORMAT = dwarf;
				ENABLE_STRICT_OBJC_MSGSEND = YES;
				ENABLE_TESTABILITY = YES;
				GCC_C_LANGUAGE_STANDARD = gnu11;
				GCC_DYNAMIC_NO_PIC = NO;
				GCC_NO_COMMON_BLOCKS = YES;
				GCC_OPTIMIZATION_LEVEL = 0;
				GCC_PREPROCESSOR_DEFINITIONS = (
					"DEBUG=1",
					"$(inherited)",
				);
				GCC_WARN_64_TO_32_BIT_CONVERSION = YES;
				GCC_WARN_ABOUT_RETURN_TYPE = YES_ERROR;
				GCC_WARN_UNDECLARED_SELECTOR = YES;
				GCC_WARN_UNINITIALIZED_AUTOS = YES_AGGRESSIVE;
				GCC_WARN_UNUSED_FUNCTION = YES;
				GCC_WARN_UNUSED_VARIABLE = YES;
				IPHONEOS_DEPLOYMENT_TARGET = 14.5;
				MTL_ENABLE_DEBUG_INFO = INCLUDE_SOURCE;
				MTL_FAST_MATH = YES;
				ONLY_ACTIVE_ARCH = YES;
				SDKROOT = iphoneos;
				SWIFT_ACTIVE_COMPILATION_CONDITIONS = DEBUG;
				SWIFT_OPTIMIZATION_LEVEL = "-Onone";
			};
			name = Debug;
		};
		D29A531026A79F9F003E5D00 /* Release */ = {
			isa = XCBuildConfiguration;
			buildSettings = {
				ALWAYS_SEARCH_USER_PATHS = NO;
				CLANG_ANALYZER_NONNULL = YES;
				CLANG_ANALYZER_NUMBER_OBJECT_CONVERSION = YES_AGGRESSIVE;
				CLANG_CXX_LANGUAGE_STANDARD = "gnu++14";
				CLANG_CXX_LIBRARY = "libc++";
				CLANG_ENABLE_MODULES = YES;
				CLANG_ENABLE_OBJC_ARC = YES;
				CLANG_ENABLE_OBJC_WEAK = YES;
				CLANG_WARN_BLOCK_CAPTURE_AUTORELEASING = YES;
				CLANG_WARN_BOOL_CONVERSION = YES;
				CLANG_WARN_COMMA = YES;
				CLANG_WARN_CONSTANT_CONVERSION = YES;
				CLANG_WARN_DEPRECATED_OBJC_IMPLEMENTATIONS = YES;
				CLANG_WARN_DIRECT_OBJC_ISA_USAGE = YES_ERROR;
				CLANG_WARN_DOCUMENTATION_COMMENTS = YES;
				CLANG_WARN_EMPTY_BODY = YES;
				CLANG_WARN_ENUM_CONVERSION = YES;
				CLANG_WARN_INFINITE_RECURSION = YES;
				CLANG_WARN_INT_CONVERSION = YES;
				CLANG_WARN_NON_LITERAL_NULL_CONVERSION = YES;
				CLANG_WARN_OBJC_IMPLICIT_RETAIN_SELF = YES;
				CLANG_WARN_OBJC_LITERAL_CONVERSION = YES;
				CLANG_WARN_OBJC_ROOT_CLASS = YES_ERROR;
				CLANG_WARN_QUOTED_INCLUDE_IN_FRAMEWORK_HEADER = YES;
				CLANG_WARN_RANGE_LOOP_ANALYSIS = YES;
				CLANG_WARN_STRICT_PROTOTYPES = YES;
				CLANG_WARN_SUSPICIOUS_MOVE = YES;
				CLANG_WARN_UNGUARDED_AVAILABILITY = YES_AGGRESSIVE;
				CLANG_WARN_UNREACHABLE_CODE = YES;
				CLANG_WARN__DUPLICATE_METHOD_MATCH = YES;
				COPY_PHASE_STRIP = NO;
				DEBUG_INFORMATION_FORMAT = "dwarf-with-dsym";
				ENABLE_NS_ASSERTIONS = NO;
				ENABLE_STRICT_OBJC_MSGSEND = YES;
				GCC_C_LANGUAGE_STANDARD = gnu11;
				GCC_NO_COMMON_BLOCKS = YES;
				GCC_WARN_64_TO_32_BIT_CONVERSION = YES;
				GCC_WARN_ABOUT_RETURN_TYPE = YES_ERROR;
				GCC_WARN_UNDECLARED_SELECTOR = YES;
				GCC_WARN_UNINITIALIZED_AUTOS = YES_AGGRESSIVE;
				GCC_WARN_UNUSED_FUNCTION = YES;
				GCC_WARN_UNUSED_VARIABLE = YES;
				IPHONEOS_DEPLOYMENT_TARGET = 14.5;
				MTL_ENABLE_DEBUG_INFO = NO;
				MTL_FAST_MATH = YES;
				SDKROOT = iphoneos;
				SWIFT_COMPILATION_MODE = wholemodule;
				SWIFT_OPTIMIZATION_LEVEL = "-O";
				VALIDATE_PRODUCT = YES;
			};
			name = Release;
		};
		D29A531226A79F9F003E5D00 /* Debug */ = {
			isa = XCBuildConfiguration;
			baseConfigurationReference = F917CB31A384A3631B50E995 /* Pods-NaverMovieSearch.debug.xcconfig */;
			buildSettings = {
				ASSETCATALOG_COMPILER_APPICON_NAME = AppIcon;
				ASSETCATALOG_COMPILER_GLOBAL_ACCENT_COLOR_NAME = AccentColor;
				CODE_SIGN_STYLE = Automatic;
				CURRENT_PROJECT_VERSION = 1.0;
				DEVELOPMENT_TEAM = SQ839AG54C;
				INFOPLIST_FILE = "$(SRCROOT)/NaverMovieSearch/Resource/Info.plist";
				LD_RUNPATH_SEARCH_PATHS = (
					"$(inherited)",
					"@executable_path/Frameworks",
				);
				MARKETING_VERSION = 1.0;
				PRODUCT_BUNDLE_IDENTIFIER = havetherain.NaverMovieSearch;
				PRODUCT_NAME = "$(TARGET_NAME)";
				SWIFT_VERSION = 5.0;
				TARGETED_DEVICE_FAMILY = "1,2";
			};
			name = Debug;
		};
		D29A531326A79F9F003E5D00 /* Release */ = {
			isa = XCBuildConfiguration;
			baseConfigurationReference = 982F80C3488319D5330F2ABC /* Pods-NaverMovieSearch.release.xcconfig */;
			buildSettings = {
				ASSETCATALOG_COMPILER_APPICON_NAME = AppIcon;
				ASSETCATALOG_COMPILER_GLOBAL_ACCENT_COLOR_NAME = AccentColor;
				CODE_SIGN_STYLE = Automatic;
				CURRENT_PROJECT_VERSION = 1.0;
				DEVELOPMENT_TEAM = SQ839AG54C;
				INFOPLIST_FILE = "$(SRCROOT)/NaverMovieSearch/Resource/Info.plist";
				LD_RUNPATH_SEARCH_PATHS = (
					"$(inherited)",
					"@executable_path/Frameworks",
				);
				MARKETING_VERSION = 1.0;
				PRODUCT_BUNDLE_IDENTIFIER = havetherain.NaverMovieSearch;
				PRODUCT_NAME = "$(TARGET_NAME)";
				SWIFT_VERSION = 5.0;
				TARGETED_DEVICE_FAMILY = "1,2";
			};
			name = Release;
		};
/* End XCBuildConfiguration section */

/* Begin XCConfigurationList section */
		D29A52F826A79F9D003E5D00 /* Build configuration list for PBXProject "NaverMovieSearch" */ = {
			isa = XCConfigurationList;
			buildConfigurations = (
				D29A530F26A79F9F003E5D00 /* Debug */,
				D29A531026A79F9F003E5D00 /* Release */,
			);
			defaultConfigurationIsVisible = 0;
			defaultConfigurationName = Release;
		};
		D29A531126A79F9F003E5D00 /* Build configuration list for PBXNativeTarget "NaverMovieSearch" */ = {
			isa = XCConfigurationList;
			buildConfigurations = (
				D29A531226A79F9F003E5D00 /* Debug */,
				D29A531326A79F9F003E5D00 /* Release */,
			);
			defaultConfigurationIsVisible = 0;
			defaultConfigurationName = Release;
		};
/* End XCConfigurationList section */
	};
	rootObject = D29A52F526A79F9D003E5D00 /* Project object */;
}
